// !$*UTF8*$!
{
	archiveVersion = 1;
	classes = {
	};
	objectVersion = 54;
	objects = {

/* Begin PBXBuildFile section */
		5C11E18F6B4174913B5F86E8 /* Pods_whatDayIsTodayTests.framework in Frameworks */ = {isa = PBXBuildFile; fileRef = 5A478A0DB45C44A2607485C4 /* Pods_whatDayIsTodayTests.framework */; };
		A903CB9DCF5C10D27E8B173B /* Pods_whatDayIsToday_whatDayIsTodayUITests.framework in Frameworks */ = {isa = PBXBuildFile; fileRef = 13E43D6FAD2C6E5B4C366245 /* Pods_whatDayIsToday_whatDayIsTodayUITests.framework */; };
		BA681B125BC03DCD3BE50EDC /* Pods_whatDayIsToday.framework in Frameworks */ = {isa = PBXBuildFile; fileRef = 3653E21AB2F2C935903A375C /* Pods_whatDayIsToday.framework */; };
		CE1629F8265B5CF1005CCAE2 /* AppDelegate.swift in Sources */ = {isa = PBXBuildFile; fileRef = CE1629F7265B5CF1005CCAE2 /* AppDelegate.swift */; };
		CE1629FA265B5CF1005CCAE2 /* SceneDelegate.swift in Sources */ = {isa = PBXBuildFile; fileRef = CE1629F9265B5CF1005CCAE2 /* SceneDelegate.swift */; };
		CE162A01265B5CF2005CCAE2 /* Assets.xcassets in Resources */ = {isa = PBXBuildFile; fileRef = CE162A00265B5CF2005CCAE2 /* Assets.xcassets */; };
		CE162A04265B5CF2005CCAE2 /* LaunchScreen.storyboard in Resources */ = {isa = PBXBuildFile; fileRef = CE162A02265B5CF2005CCAE2 /* LaunchScreen.storyboard */; };
		CE24AE89287E815E00C99A05 /* InformationViewController.swift in Sources */ = {isa = PBXBuildFile; fileRef = CE24AE88287E815E00C99A05 /* InformationViewController.swift */; };
		CE24AE8B287E82A000C99A05 /* Form.swift in Sources */ = {isa = PBXBuildFile; fileRef = CE24AE8A287E82A000C99A05 /* Form.swift */; };
		CE2C812B284868D600F11D75 /* TabPageViewController.swift in Sources */ = {isa = PBXBuildFile; fileRef = CE2C812A284868D600F11D75 /* TabPageViewController.swift */; };
		CE2C812D28486B2A00F11D75 /* TabPage.storyboard in Resources */ = {isa = PBXBuildFile; fileRef = CE2C812C28486B2A00F11D75 /* TabPage.storyboard */; };
		CE2C81372848703B00F11D75 /* TabPageCollectionViewCell.swift in Sources */ = {isa = PBXBuildFile; fileRef = CE2C81352848703B00F11D75 /* TabPageCollectionViewCell.swift */; };
		CE2C81382848703B00F11D75 /* TabPageCollectionViewCell.xib in Resources */ = {isa = PBXBuildFile; fileRef = CE2C81362848703B00F11D75 /* TabPageCollectionViewCell.xib */; };
		CE2C813A2848889100F11D75 /* TabPageCustomView.swift in Sources */ = {isa = PBXBuildFile; fileRef = CE2C81392848889100F11D75 /* TabPageCustomView.swift */; };
		CE2C813C28488EA900F11D75 /* TabPageCustomView.xib in Resources */ = {isa = PBXBuildFile; fileRef = CE2C813B28488EA900F11D75 /* TabPageCustomView.xib */; };
		CE7AE5A428740B75004F05A7 /* whatDayIsTodayUITests.swift in Sources */ = {isa = PBXBuildFile; fileRef = CE7AE5A328740B75004F05A7 /* whatDayIsTodayUITests.swift */; };
		CE7AE5A628740B75004F05A7 /* whatDayIsTodayUITestsLaunchTests.swift in Sources */ = {isa = PBXBuildFile; fileRef = CE7AE5A528740B75004F05A7 /* whatDayIsTodayUITestsLaunchTests.swift */; };
		CE7AE5B328740B91004F05A7 /* whatDayIsTodayTests.swift in Sources */ = {isa = PBXBuildFile; fileRef = CE7AE5B228740B91004F05A7 /* whatDayIsTodayTests.swift */; };
		CE7E1952283B5E5F00A0F25B /* R.generated.swift in Sources */ = {isa = PBXBuildFile; fileRef = CE7E1951283B5E5F00A0F25B /* R.generated.swift */; };
		CE9602D228478AC800183CC5 /* ArticleViewController.swift in Sources */ = {isa = PBXBuildFile; fileRef = CE9602D128478AC800183CC5 /* ArticleViewController.swift */; };
		CE9602D528478B5600183CC5 /* ArticleTableViewCell.swift in Sources */ = {isa = PBXBuildFile; fileRef = CE9602D428478B5600183CC5 /* ArticleTableViewCell.swift */; };
		CE9E3DC828812DE90044825F /* Articles.storyboard in Resources */ = {isa = PBXBuildFile; fileRef = CE9E3DC728812DE90044825F /* Articles.storyboard */; };
		CEB5EE4C27AA5F320012B3A6 /* APIRequestURLSession.swift in Sources */ = {isa = PBXBuildFile; fileRef = CEB5EE4B27AA5F320012B3A6 /* APIRequestURLSession.swift */; };
		CEB5EE5027AA6B120012B3A6 /* Home.storyboard in Resources */ = {isa = PBXBuildFile; fileRef = CEB5EE4F27AA6B120012B3A6 /* Home.storyboard */; };
		CEB5EE5227AA6BBA0012B3A6 /* HomeViewController.swift in Sources */ = {isa = PBXBuildFile; fileRef = CEB5EE5127AA6BBA0012B3A6 /* HomeViewController.swift */; };
		CED30872282CD7B100CAB96F /* ArticlesPresent.swift in Sources */ = {isa = PBXBuildFile; fileRef = CED30871282CD7B100CAB96F /* ArticlesPresent.swift */; };
		CEDBF4A4265B66DA009467C4 /* Extensions.swift in Sources */ = {isa = PBXBuildFile; fileRef = CEDBF4A3265B66D9009467C4 /* Extensions.swift */; };
		CEDBF4C1265B7350009467C4 /* Model.swift in Sources */ = {isa = PBXBuildFile; fileRef = CEDBF4C0265B7350009467C4 /* Model.swift */; };
		CEDBF4CF265B7C36009467C4 /* ArticleTableViewCell.xib in Resources */ = {isa = PBXBuildFile; fileRef = CEDBF4CD265B7C36009467C4 /* ArticleTableViewCell.xib */; };
/* End PBXBuildFile section */

/* Begin PBXContainerItemProxy section */
		CE7AE5A728740B75004F05A7 /* PBXContainerItemProxy */ = {
			isa = PBXContainerItemProxy;
			containerPortal = CE1629EC265B5CF1005CCAE2 /* Project object */;
			proxyType = 1;
			remoteGlobalIDString = CE1629F3265B5CF1005CCAE2;
			remoteInfo = whatDayIsToday;
		};
		CE7AE5B428740B91004F05A7 /* PBXContainerItemProxy */ = {
			isa = PBXContainerItemProxy;
			containerPortal = CE1629EC265B5CF1005CCAE2 /* Project object */;
			proxyType = 1;
			remoteGlobalIDString = CE1629F3265B5CF1005CCAE2;
			remoteInfo = whatDayIsToday;
		};
/* End PBXContainerItemProxy section */

/* Begin PBXFileReference section */
		13E43D6FAD2C6E5B4C366245 /* Pods_whatDayIsToday_whatDayIsTodayUITests.framework */ = {isa = PBXFileReference; explicitFileType = wrapper.framework; includeInIndex = 0; path = Pods_whatDayIsToday_whatDayIsTodayUITests.framework; sourceTree = BUILT_PRODUCTS_DIR; };
		1ABB9A20E4A2B8AF7E0ED73A /* Pods-whatDayIsToday.release.xcconfig */ = {isa = PBXFileReference; includeInIndex = 1; lastKnownFileType = text.xcconfig; name = "Pods-whatDayIsToday.release.xcconfig"; path = "Target Support Files/Pods-whatDayIsToday/Pods-whatDayIsToday.release.xcconfig"; sourceTree = "<group>"; };
		2BDAB275CF878B49196C6887 /* Pods-informationGatherringApp-informationGatherringAppUITests.release.xcconfig */ = {isa = PBXFileReference; includeInIndex = 1; lastKnownFileType = text.xcconfig; name = "Pods-informationGatherringApp-informationGatherringAppUITests.release.xcconfig"; path = "Target Support Files/Pods-informationGatherringApp-informationGatherringAppUITests/Pods-informationGatherringApp-informationGatherringAppUITests.release.xcconfig"; sourceTree = "<group>"; };
		326C2C500A0AAF030BDC470D /* Pods-whatDayIsToday-whatDayIsTodayUITests.debug.xcconfig */ = {isa = PBXFileReference; includeInIndex = 1; lastKnownFileType = text.xcconfig; name = "Pods-whatDayIsToday-whatDayIsTodayUITests.debug.xcconfig"; path = "Target Support Files/Pods-whatDayIsToday-whatDayIsTodayUITests/Pods-whatDayIsToday-whatDayIsTodayUITests.debug.xcconfig"; sourceTree = "<group>"; };
		3653E21AB2F2C935903A375C /* Pods_whatDayIsToday.framework */ = {isa = PBXFileReference; explicitFileType = wrapper.framework; includeInIndex = 0; path = Pods_whatDayIsToday.framework; sourceTree = BUILT_PRODUCTS_DIR; };
		5A478A0DB45C44A2607485C4 /* Pods_whatDayIsTodayTests.framework */ = {isa = PBXFileReference; explicitFileType = wrapper.framework; includeInIndex = 0; path = Pods_whatDayIsTodayTests.framework; sourceTree = BUILT_PRODUCTS_DIR; };
		5D571B18AA633675E1A32D04 /* Pods-informationGatherringApp.debug.xcconfig */ = {isa = PBXFileReference; includeInIndex = 1; lastKnownFileType = text.xcconfig; name = "Pods-informationGatherringApp.debug.xcconfig"; path = "Target Support Files/Pods-informationGatherringApp/Pods-informationGatherringApp.debug.xcconfig"; sourceTree = "<group>"; };
		81BDC9FE3F6E8D064789D3E2 /* Pods-whatDayIsTodayTests.debug.xcconfig */ = {isa = PBXFileReference; includeInIndex = 1; lastKnownFileType = text.xcconfig; name = "Pods-whatDayIsTodayTests.debug.xcconfig"; path = "Target Support Files/Pods-whatDayIsTodayTests/Pods-whatDayIsTodayTests.debug.xcconfig"; sourceTree = "<group>"; };
		9901C93AF3A0210DBAF912DF /* Pods-informationGatherringApp.release.xcconfig */ = {isa = PBXFileReference; includeInIndex = 1; lastKnownFileType = text.xcconfig; name = "Pods-informationGatherringApp.release.xcconfig"; path = "Target Support Files/Pods-informationGatherringApp/Pods-informationGatherringApp.release.xcconfig"; sourceTree = "<group>"; };
		AB892F1A6841D01BB4E5D609 /* Pods-informationGatherringAppTests.release.xcconfig */ = {isa = PBXFileReference; includeInIndex = 1; lastKnownFileType = text.xcconfig; name = "Pods-informationGatherringAppTests.release.xcconfig"; path = "Target Support Files/Pods-informationGatherringAppTests/Pods-informationGatherringAppTests.release.xcconfig"; sourceTree = "<group>"; };
		C380937D3770BC7D7321E475 /* Pods-whatDayIsToday-whatDayIsTodayUITests.release.xcconfig */ = {isa = PBXFileReference; includeInIndex = 1; lastKnownFileType = text.xcconfig; name = "Pods-whatDayIsToday-whatDayIsTodayUITests.release.xcconfig"; path = "Target Support Files/Pods-whatDayIsToday-whatDayIsTodayUITests/Pods-whatDayIsToday-whatDayIsTodayUITests.release.xcconfig"; sourceTree = "<group>"; };
		CE1629F4265B5CF1005CCAE2 /* whatDayIsToday.app */ = {isa = PBXFileReference; explicitFileType = wrapper.application; includeInIndex = 0; path = whatDayIsToday.app; sourceTree = BUILT_PRODUCTS_DIR; };
		CE1629F7265B5CF1005CCAE2 /* AppDelegate.swift */ = {isa = PBXFileReference; lastKnownFileType = sourcecode.swift; path = AppDelegate.swift; sourceTree = "<group>"; };
		CE1629F9265B5CF1005CCAE2 /* SceneDelegate.swift */ = {isa = PBXFileReference; lastKnownFileType = sourcecode.swift; path = SceneDelegate.swift; sourceTree = "<group>"; };
		CE162A00265B5CF2005CCAE2 /* Assets.xcassets */ = {isa = PBXFileReference; lastKnownFileType = folder.assetcatalog; path = Assets.xcassets; sourceTree = "<group>"; };
		CE162A03265B5CF2005CCAE2 /* Base */ = {isa = PBXFileReference; lastKnownFileType = file.storyboard; name = Base; path = Base.lproj/LaunchScreen.storyboard; sourceTree = "<group>"; };
		CE162A05265B5CF2005CCAE2 /* Info.plist */ = {isa = PBXFileReference; lastKnownFileType = text.plist.xml; path = Info.plist; sourceTree = "<group>"; };
		CE24AE88287E815E00C99A05 /* InformationViewController.swift */ = {isa = PBXFileReference; lastKnownFileType = sourcecode.swift; path = InformationViewController.swift; sourceTree = "<group>"; };
		CE24AE8A287E82A000C99A05 /* Form.swift */ = {isa = PBXFileReference; lastKnownFileType = sourcecode.swift; path = Form.swift; sourceTree = "<group>"; };
		CE2C812A284868D600F11D75 /* TabPageViewController.swift */ = {isa = PBXFileReference; lastKnownFileType = sourcecode.swift; path = TabPageViewController.swift; sourceTree = "<group>"; };
		CE2C812C28486B2A00F11D75 /* TabPage.storyboard */ = {isa = PBXFileReference; lastKnownFileType = file.storyboard; path = TabPage.storyboard; sourceTree = "<group>"; };
		CE2C81352848703B00F11D75 /* TabPageCollectionViewCell.swift */ = {isa = PBXFileReference; lastKnownFileType = sourcecode.swift; path = TabPageCollectionViewCell.swift; sourceTree = "<group>"; };
		CE2C81362848703B00F11D75 /* TabPageCollectionViewCell.xib */ = {isa = PBXFileReference; lastKnownFileType = file.xib; path = TabPageCollectionViewCell.xib; sourceTree = "<group>"; };
		CE2C81392848889100F11D75 /* TabPageCustomView.swift */ = {isa = PBXFileReference; lastKnownFileType = sourcecode.swift; path = TabPageCustomView.swift; sourceTree = "<group>"; };
		CE2C813B28488EA900F11D75 /* TabPageCustomView.xib */ = {isa = PBXFileReference; lastKnownFileType = file.xib; path = TabPageCustomView.xib; sourceTree = "<group>"; };
		CE7AE5A128740B75004F05A7 /* whatDayIsTodayUITests.xctest */ = {isa = PBXFileReference; explicitFileType = wrapper.cfbundle; includeInIndex = 0; path = whatDayIsTodayUITests.xctest; sourceTree = BUILT_PRODUCTS_DIR; };
		CE7AE5A328740B75004F05A7 /* whatDayIsTodayUITests.swift */ = {isa = PBXFileReference; lastKnownFileType = sourcecode.swift; path = whatDayIsTodayUITests.swift; sourceTree = "<group>"; };
		CE7AE5A528740B75004F05A7 /* whatDayIsTodayUITestsLaunchTests.swift */ = {isa = PBXFileReference; lastKnownFileType = sourcecode.swift; path = whatDayIsTodayUITestsLaunchTests.swift; sourceTree = "<group>"; };
		CE7AE5B028740B91004F05A7 /* whatDayIsTodayTests.xctest */ = {isa = PBXFileReference; explicitFileType = wrapper.cfbundle; includeInIndex = 0; path = whatDayIsTodayTests.xctest; sourceTree = BUILT_PRODUCTS_DIR; };
		CE7AE5B228740B91004F05A7 /* whatDayIsTodayTests.swift */ = {isa = PBXFileReference; lastKnownFileType = sourcecode.swift; path = whatDayIsTodayTests.swift; sourceTree = "<group>"; };
		CE7E1951283B5E5F00A0F25B /* R.generated.swift */ = {isa = PBXFileReference; fileEncoding = 4; lastKnownFileType = sourcecode.swift; path = R.generated.swift; sourceTree = SOURCE_ROOT; };
		CE9602D128478AC800183CC5 /* ArticleViewController.swift */ = {isa = PBXFileReference; fileEncoding = 4; lastKnownFileType = sourcecode.swift; path = ArticleViewController.swift; sourceTree = "<group>"; };
		CE9602D428478B5600183CC5 /* ArticleTableViewCell.swift */ = {isa = PBXFileReference; lastKnownFileType = sourcecode.swift; path = ArticleTableViewCell.swift; sourceTree = "<group>"; };
		CE9E3DC728812DE90044825F /* Articles.storyboard */ = {isa = PBXFileReference; fileEncoding = 4; lastKnownFileType = file.storyboard; path = Articles.storyboard; sourceTree = "<group>"; };
		CEB5EE4B27AA5F320012B3A6 /* APIRequestURLSession.swift */ = {isa = PBXFileReference; lastKnownFileType = sourcecode.swift; path = APIRequestURLSession.swift; sourceTree = "<group>"; };
		CEB5EE4F27AA6B120012B3A6 /* Home.storyboard */ = {isa = PBXFileReference; lastKnownFileType = file.storyboard; path = Home.storyboard; sourceTree = "<group>"; };
		CEB5EE5127AA6BBA0012B3A6 /* HomeViewController.swift */ = {isa = PBXFileReference; lastKnownFileType = sourcecode.swift; path = HomeViewController.swift; sourceTree = "<group>"; };
		CED30871282CD7B100CAB96F /* ArticlesPresent.swift */ = {isa = PBXFileReference; lastKnownFileType = sourcecode.swift; path = ArticlesPresent.swift; sourceTree = "<group>"; };
		CEDBF4A3265B66D9009467C4 /* Extensions.swift */ = {isa = PBXFileReference; lastKnownFileType = sourcecode.swift; path = Extensions.swift; sourceTree = "<group>"; };
		CEDBF4C0265B7350009467C4 /* Model.swift */ = {isa = PBXFileReference; lastKnownFileType = sourcecode.swift; path = Model.swift; sourceTree = "<group>"; };
		CEDBF4CD265B7C36009467C4 /* ArticleTableViewCell.xib */ = {isa = PBXFileReference; lastKnownFileType = file.xib; path = ArticleTableViewCell.xib; sourceTree = "<group>"; };
		D8C8DDEED60F8AE914CAA03C /* Pods-informationGatherringAppTests.debug.xcconfig */ = {isa = PBXFileReference; includeInIndex = 1; lastKnownFileType = text.xcconfig; name = "Pods-informationGatherringAppTests.debug.xcconfig"; path = "Target Support Files/Pods-informationGatherringAppTests/Pods-informationGatherringAppTests.debug.xcconfig"; sourceTree = "<group>"; };
		ED0D0E950CC03A874CD25380 /* Pods-whatDayIsTodayTests.release.xcconfig */ = {isa = PBXFileReference; includeInIndex = 1; lastKnownFileType = text.xcconfig; name = "Pods-whatDayIsTodayTests.release.xcconfig"; path = "Target Support Files/Pods-whatDayIsTodayTests/Pods-whatDayIsTodayTests.release.xcconfig"; sourceTree = "<group>"; };
		EE613CDE822CFD96354B78D1 /* Pods-whatDayIsToday.debug.xcconfig */ = {isa = PBXFileReference; includeInIndex = 1; lastKnownFileType = text.xcconfig; name = "Pods-whatDayIsToday.debug.xcconfig"; path = "Target Support Files/Pods-whatDayIsToday/Pods-whatDayIsToday.debug.xcconfig"; sourceTree = "<group>"; };
		F8C62152649165FB6B904766 /* Pods-informationGatherringApp-informationGatherringAppUITests.debug.xcconfig */ = {isa = PBXFileReference; includeInIndex = 1; lastKnownFileType = text.xcconfig; name = "Pods-informationGatherringApp-informationGatherringAppUITests.debug.xcconfig"; path = "Target Support Files/Pods-informationGatherringApp-informationGatherringAppUITests/Pods-informationGatherringApp-informationGatherringAppUITests.debug.xcconfig"; sourceTree = "<group>"; };
/* End PBXFileReference section */

/* Begin PBXFrameworksBuildPhase section */
		CE1629F1265B5CF1005CCAE2 /* Frameworks */ = {
			isa = PBXFrameworksBuildPhase;
			buildActionMask = 2147483647;
			files = (
				BA681B125BC03DCD3BE50EDC /* Pods_whatDayIsToday.framework in Frameworks */,
			);
			runOnlyForDeploymentPostprocessing = 0;
		};
		CE7AE59E28740B75004F05A7 /* Frameworks */ = {
			isa = PBXFrameworksBuildPhase;
			buildActionMask = 2147483647;
			files = (
				A903CB9DCF5C10D27E8B173B /* Pods_whatDayIsToday_whatDayIsTodayUITests.framework in Frameworks */,
			);
			runOnlyForDeploymentPostprocessing = 0;
		};
		CE7AE5AD28740B91004F05A7 /* Frameworks */ = {
			isa = PBXFrameworksBuildPhase;
			buildActionMask = 2147483647;
			files = (
				5C11E18F6B4174913B5F86E8 /* Pods_whatDayIsTodayTests.framework in Frameworks */,
			);
			runOnlyForDeploymentPostprocessing = 0;
		};
/* End PBXFrameworksBuildPhase section */

/* Begin PBXGroup section */
		3501BB1BF720A8BD2E5E3DFB /* Pods */ = {
			isa = PBXGroup;
			children = (
				5D571B18AA633675E1A32D04 /* Pods-informationGatherringApp.debug.xcconfig */,
				9901C93AF3A0210DBAF912DF /* Pods-informationGatherringApp.release.xcconfig */,
				F8C62152649165FB6B904766 /* Pods-informationGatherringApp-informationGatherringAppUITests.debug.xcconfig */,
				2BDAB275CF878B49196C6887 /* Pods-informationGatherringApp-informationGatherringAppUITests.release.xcconfig */,
				D8C8DDEED60F8AE914CAA03C /* Pods-informationGatherringAppTests.debug.xcconfig */,
				AB892F1A6841D01BB4E5D609 /* Pods-informationGatherringAppTests.release.xcconfig */,
				EE613CDE822CFD96354B78D1 /* Pods-whatDayIsToday.debug.xcconfig */,
				1ABB9A20E4A2B8AF7E0ED73A /* Pods-whatDayIsToday.release.xcconfig */,
				326C2C500A0AAF030BDC470D /* Pods-whatDayIsToday-whatDayIsTodayUITests.debug.xcconfig */,
				C380937D3770BC7D7321E475 /* Pods-whatDayIsToday-whatDayIsTodayUITests.release.xcconfig */,
				81BDC9FE3F6E8D064789D3E2 /* Pods-whatDayIsTodayTests.debug.xcconfig */,
				ED0D0E950CC03A874CD25380 /* Pods-whatDayIsTodayTests.release.xcconfig */,
			);
			path = Pods;
			sourceTree = "<group>";
		};
		CE1629EB265B5CF1005CCAE2 = {
			isa = PBXGroup;
			children = (
				CE1629F6265B5CF1005CCAE2 /* whatDayIsToday */,
				CE7AE5B128740B91004F05A7 /* whatDayIsTodayTests */,
				CE7AE5A228740B75004F05A7 /* whatDayIsTodayUITests */,
				CE1629F5265B5CF1005CCAE2 /* Products */,
				CE8DEDEF2828D0660031F2E3 /* Frameworks */,
				3501BB1BF720A8BD2E5E3DFB /* Pods */,
			);
			sourceTree = "<group>";
		};
		CE1629F5265B5CF1005CCAE2 /* Products */ = {
			isa = PBXGroup;
			children = (
				CE1629F4265B5CF1005CCAE2 /* whatDayIsToday.app */,
				CE7AE5A128740B75004F05A7 /* whatDayIsTodayUITests.xctest */,
				CE7AE5B028740B91004F05A7 /* whatDayIsTodayTests.xctest */,
			);
			name = Products;
			sourceTree = "<group>";
		};
		CE1629F6265B5CF1005CCAE2 /* whatDayIsToday */ = {
			isa = PBXGroup;
			children = (
				CEC570B1283B5A5F00CA964F /* Configuration */,
				CEDBF4BF265B733D009467C4 /* Model */,
				CEDBF4A2265B66C3009467C4 /* Extension */,
				CE8DEDEE2828CDD70031F2E3 /* API */,
				CE9602D328478B1200183CC5 /* ArticlesViewController */,
				CED3086F282CD59000CAB96F /* HomeViewController */,
				CE2C813228486F9A00F11D75 /* TabPageViewController */,
				CEDBF4B3265B7105009467C4 /* StoryBoards */,
			);
			path = whatDayIsToday;
			sourceTree = "<group>";
		};
		CE2C813228486F9A00F11D75 /* TabPageViewController */ = {
			isa = PBXGroup;
			children = (
				CE2C812A284868D600F11D75 /* TabPageViewController.swift */,
				CE2C81392848889100F11D75 /* TabPageCustomView.swift */,
				CE2C81352848703B00F11D75 /* TabPageCollectionViewCell.swift */,
			);
			path = TabPageViewController;
			sourceTree = "<group>";
		};
		CE7AE5A228740B75004F05A7 /* whatDayIsTodayUITests */ = {
			isa = PBXGroup;
			children = (
				CE7AE5A328740B75004F05A7 /* whatDayIsTodayUITests.swift */,
				CE7AE5A528740B75004F05A7 /* whatDayIsTodayUITestsLaunchTests.swift */,
			);
			path = whatDayIsTodayUITests;
			sourceTree = "<group>";
		};
		CE7AE5B128740B91004F05A7 /* whatDayIsTodayTests */ = {
			isa = PBXGroup;
			children = (
				CE7AE5B228740B91004F05A7 /* whatDayIsTodayTests.swift */,
			);
			path = whatDayIsTodayTests;
			sourceTree = "<group>";
		};
		CE8DEDEE2828CDD70031F2E3 /* API */ = {
			isa = PBXGroup;
			children = (
				CEB5EE4B27AA5F320012B3A6 /* APIRequestURLSession.swift */,
				CED30871282CD7B100CAB96F /* ArticlesPresent.swift */,
			);
			path = API;
			sourceTree = "<group>";
		};
		CE8DEDEF2828D0660031F2E3 /* Frameworks */ = {
			isa = PBXGroup;
			children = (
				3653E21AB2F2C935903A375C /* Pods_whatDayIsToday.framework */,
				13E43D6FAD2C6E5B4C366245 /* Pods_whatDayIsToday_whatDayIsTodayUITests.framework */,
				5A478A0DB45C44A2607485C4 /* Pods_whatDayIsTodayTests.framework */,
			);
			name = Frameworks;
			sourceTree = "<group>";
		};
		CE9602D328478B1200183CC5 /* ArticlesViewController */ = {
			isa = PBXGroup;
			children = (
				CE9602D128478AC800183CC5 /* ArticleViewController.swift */,
				CE9602D428478B5600183CC5 /* ArticleTableViewCell.swift */,
			);
			name = ArticlesViewController;
			path = AriticlesViewConroller;
			sourceTree = "<group>";
		};
		CEC570B1283B5A5F00CA964F /* Configuration */ = {
			isa = PBXGroup;
			children = (
				CE162A00265B5CF2005CCAE2 /* Assets.xcassets */,
				CE162A02265B5CF2005CCAE2 /* LaunchScreen.storyboard */,
				CE162A05265B5CF2005CCAE2 /* Info.plist */,
				CE7E1951283B5E5F00A0F25B /* R.generated.swift */,
				CE1629F7265B5CF1005CCAE2 /* AppDelegate.swift */,
				CE1629F9265B5CF1005CCAE2 /* SceneDelegate.swift */,
			);
			name = Configuration;
			sourceTree = "<group>";
		};
		CED3086F282CD59000CAB96F /* HomeViewController */ = {
			isa = PBXGroup;
			children = (
				CEB5EE5127AA6BBA0012B3A6 /* HomeViewController.swift */,
				CE24AE88287E815E00C99A05 /* InformationViewController.swift */,
			);
			path = HomeViewController;
			sourceTree = "<group>";
		};
		CEDBF4A2265B66C3009467C4 /* Extension */ = {
			isa = PBXGroup;
			children = (
				CEDBF4A3265B66D9009467C4 /* Extensions.swift */,
				CE24AE8A287E82A000C99A05 /* Form.swift */,
			);
			path = Extension;
			sourceTree = "<group>";
		};
		CEDBF4B3265B7105009467C4 /* StoryBoards */ = {
			isa = PBXGroup;
			children = (
				CEB5EE4F27AA6B120012B3A6 /* Home.storyboard */,
				CE2C812C28486B2A00F11D75 /* TabPage.storyboard */,
				CE9E3DC728812DE90044825F /* Articles.storyboard */,
				CE2C813B28488EA900F11D75 /* TabPageCustomView.xib */,
				CE2C81362848703B00F11D75 /* TabPageCollectionViewCell.xib */,
				CEDBF4CD265B7C36009467C4 /* ArticleTableViewCell.xib */,
			);
			name = StoryBoards;
			path = Storyboard;
			sourceTree = "<group>";
		};
		CEDBF4BF265B733D009467C4 /* Model */ = {
			isa = PBXGroup;
			children = (
				CEDBF4C0265B7350009467C4 /* Model.swift */,
			);
			path = Model;
			sourceTree = "<group>";
		};
/* End PBXGroup section */

/* Begin PBXNativeTarget section */
		CE1629F3265B5CF1005CCAE2 /* whatDayIsToday */ = {
			isa = PBXNativeTarget;
			buildConfigurationList = CE162A1E265B5CF3005CCAE2 /* Build configuration list for PBXNativeTarget "whatDayIsToday" */;
			buildPhases = (
				6F871C1D7D8D9A43B111291A /* [CP] Check Pods Manifest.lock */,
				CE9EECC3282A146300BB1B33 /* R.swift */,
				CE9EECC2282A145F00BB1B33 /* SwiftLint */,
				CE1629F0265B5CF1005CCAE2 /* Sources */,
				CE1629F1265B5CF1005CCAE2 /* Frameworks */,
				CE1629F2265B5CF1005CCAE2 /* Resources */,
				D4106F71C4DC25E9240C4AE3 /* [CP] Embed Pods Frameworks */,
			);
			buildRules = (
			);
			dependencies = (
			);
			name = whatDayIsToday;
			productName = informationGatherringApp;
			productReference = CE1629F4265B5CF1005CCAE2 /* whatDayIsToday.app */;
			productType = "com.apple.product-type.application";
		};
		CE7AE5A028740B75004F05A7 /* whatDayIsTodayUITests */ = {
			isa = PBXNativeTarget;
			buildConfigurationList = CE7AE5A928740B75004F05A7 /* Build configuration list for PBXNativeTarget "whatDayIsTodayUITests" */;
			buildPhases = (
				A560A032AAB022597AE58AC9 /* [CP] Check Pods Manifest.lock */,
				CE7AE59D28740B75004F05A7 /* Sources */,
				CE7AE59E28740B75004F05A7 /* Frameworks */,
				CE7AE59F28740B75004F05A7 /* Resources */,
				F3FF7119A64436E79810B8E2 /* [CP] Embed Pods Frameworks */,
			);
			buildRules = (
			);
			dependencies = (
				CE7AE5A828740B75004F05A7 /* PBXTargetDependency */,
			);
			name = whatDayIsTodayUITests;
			productName = whatDayIsTodayUITests;
			productReference = CE7AE5A128740B75004F05A7 /* whatDayIsTodayUITests.xctest */;
			productType = "com.apple.product-type.bundle.ui-testing";
		};
		CE7AE5AF28740B91004F05A7 /* whatDayIsTodayTests */ = {
			isa = PBXNativeTarget;
			buildConfigurationList = CE7AE5B628740B91004F05A7 /* Build configuration list for PBXNativeTarget "whatDayIsTodayTests" */;
			buildPhases = (
				84A62CC6136899D679D1D895 /* [CP] Check Pods Manifest.lock */,
				CE7AE5AC28740B91004F05A7 /* Sources */,
				CE7AE5AD28740B91004F05A7 /* Frameworks */,
				CE7AE5AE28740B91004F05A7 /* Resources */,
			);
			buildRules = (
			);
			dependencies = (
				CE7AE5B528740B91004F05A7 /* PBXTargetDependency */,
			);
			name = whatDayIsTodayTests;
			productName = whatDayIsTodayTests;
			productReference = CE7AE5B028740B91004F05A7 /* whatDayIsTodayTests.xctest */;
			productType = "com.apple.product-type.bundle.unit-test";
		};
/* End PBXNativeTarget section */

/* Begin PBXProject section */
		CE1629EC265B5CF1005CCAE2 /* Project object */ = {
			isa = PBXProject;
			attributes = {
				LastSwiftUpdateCheck = 1340;
				LastUpgradeCheck = 1240;
				TargetAttributes = {
					CE1629F3265B5CF1005CCAE2 = {
						CreatedOnToolsVersion = 12.4;
					};
					CE7AE5A028740B75004F05A7 = {
						CreatedOnToolsVersion = 13.4.1;
						TestTargetID = CE1629F3265B5CF1005CCAE2;
					};
					CE7AE5AF28740B91004F05A7 = {
						CreatedOnToolsVersion = 13.4.1;
						TestTargetID = CE1629F3265B5CF1005CCAE2;
					};
				};
			};
			buildConfigurationList = CE1629EF265B5CF1005CCAE2 /* Build configuration list for PBXProject "whatDayIsToday" */;
			compatibilityVersion = "Xcode 9.3";
			developmentRegion = en;
			hasScannedForEncodings = 0;
			knownRegions = (
				en,
				Base,
			);
			mainGroup = CE1629EB265B5CF1005CCAE2;
			productRefGroup = CE1629F5265B5CF1005CCAE2 /* Products */;
			projectDirPath = "";
			projectRoot = "";
			targets = (
				CE1629F3265B5CF1005CCAE2 /* whatDayIsToday */,
				CE7AE5A028740B75004F05A7 /* whatDayIsTodayUITests */,
				CE7AE5AF28740B91004F05A7 /* whatDayIsTodayTests */,
			);
		};
/* End PBXProject section */

/* Begin PBXResourcesBuildPhase section */
		CE1629F2265B5CF1005CCAE2 /* Resources */ = {
			isa = PBXResourcesBuildPhase;
			buildActionMask = 2147483647;
			files = (
				CE162A04265B5CF2005CCAE2 /* LaunchScreen.storyboard in Resources */,
				CE2C813C28488EA900F11D75 /* TabPageCustomView.xib in Resources */,
				CEDBF4CF265B7C36009467C4 /* ArticleTableViewCell.xib in Resources */,
				CE162A01265B5CF2005CCAE2 /* Assets.xcassets in Resources */,
				CE2C81382848703B00F11D75 /* TabPageCollectionViewCell.xib in Resources */,
				CE2C812D28486B2A00F11D75 /* TabPage.storyboard in Resources */,
				CEB5EE5027AA6B120012B3A6 /* Home.storyboard in Resources */,
				CE9E3DC828812DE90044825F /* Articles.storyboard in Resources */,
			);
			runOnlyForDeploymentPostprocessing = 0;
		};
		CE7AE59F28740B75004F05A7 /* Resources */ = {
			isa = PBXResourcesBuildPhase;
			buildActionMask = 2147483647;
			files = (
			);
			runOnlyForDeploymentPostprocessing = 0;
		};
		CE7AE5AE28740B91004F05A7 /* Resources */ = {
			isa = PBXResourcesBuildPhase;
			buildActionMask = 2147483647;
			files = (
			);
			runOnlyForDeploymentPostprocessing = 0;
		};
/* End PBXResourcesBuildPhase section */

/* Begin PBXShellScriptBuildPhase section */
		6F871C1D7D8D9A43B111291A /* [CP] Check Pods Manifest.lock */ = {
			isa = PBXShellScriptBuildPhase;
			buildActionMask = 2147483647;
			files = (
			);
			inputFileListPaths = (
			);
			inputPaths = (
				"${PODS_PODFILE_DIR_PATH}/Podfile.lock",
				"${PODS_ROOT}/Manifest.lock",
			);
			name = "[CP] Check Pods Manifest.lock";
			outputFileListPaths = (
			);
			outputPaths = (
				"$(DERIVED_FILE_DIR)/Pods-whatDayIsToday-checkManifestLockResult.txt",
			);
			runOnlyForDeploymentPostprocessing = 0;
			shellPath = /bin/sh;
			shellScript = "diff \"${PODS_PODFILE_DIR_PATH}/Podfile.lock\" \"${PODS_ROOT}/Manifest.lock\" > /dev/null\nif [ $? != 0 ] ; then\n    # print error to STDERR\n    echo \"error: The sandbox is not in sync with the Podfile.lock. Run 'pod install' or update your CocoaPods installation.\" >&2\n    exit 1\nfi\n# This output is used by Xcode 'outputs' to avoid re-running this script phase.\necho \"SUCCESS\" > \"${SCRIPT_OUTPUT_FILE_0}\"\n";
			showEnvVarsInLog = 0;
		};
		84A62CC6136899D679D1D895 /* [CP] Check Pods Manifest.lock */ = {
			isa = PBXShellScriptBuildPhase;
			buildActionMask = 2147483647;
			files = (
			);
			inputFileListPaths = (
			);
			inputPaths = (
				"${PODS_PODFILE_DIR_PATH}/Podfile.lock",
				"${PODS_ROOT}/Manifest.lock",
			);
			name = "[CP] Check Pods Manifest.lock";
			outputFileListPaths = (
			);
			outputPaths = (
				"$(DERIVED_FILE_DIR)/Pods-whatDayIsTodayTests-checkManifestLockResult.txt",
			);
			runOnlyForDeploymentPostprocessing = 0;
			shellPath = /bin/sh;
			shellScript = "diff \"${PODS_PODFILE_DIR_PATH}/Podfile.lock\" \"${PODS_ROOT}/Manifest.lock\" > /dev/null\nif [ $? != 0 ] ; then\n    # print error to STDERR\n    echo \"error: The sandbox is not in sync with the Podfile.lock. Run 'pod install' or update your CocoaPods installation.\" >&2\n    exit 1\nfi\n# This output is used by Xcode 'outputs' to avoid re-running this script phase.\necho \"SUCCESS\" > \"${SCRIPT_OUTPUT_FILE_0}\"\n";
			showEnvVarsInLog = 0;
		};
		A560A032AAB022597AE58AC9 /* [CP] Check Pods Manifest.lock */ = {
			isa = PBXShellScriptBuildPhase;
			buildActionMask = 2147483647;
			files = (
			);
			inputFileListPaths = (
			);
			inputPaths = (
				"${PODS_PODFILE_DIR_PATH}/Podfile.lock",
				"${PODS_ROOT}/Manifest.lock",
			);
			name = "[CP] Check Pods Manifest.lock";
			outputFileListPaths = (
			);
			outputPaths = (
				"$(DERIVED_FILE_DIR)/Pods-whatDayIsToday-whatDayIsTodayUITests-checkManifestLockResult.txt",
			);
			runOnlyForDeploymentPostprocessing = 0;
			shellPath = /bin/sh;
			shellScript = "diff \"${PODS_PODFILE_DIR_PATH}/Podfile.lock\" \"${PODS_ROOT}/Manifest.lock\" > /dev/null\nif [ $? != 0 ] ; then\n    # print error to STDERR\n    echo \"error: The sandbox is not in sync with the Podfile.lock. Run 'pod install' or update your CocoaPods installation.\" >&2\n    exit 1\nfi\n# This output is used by Xcode 'outputs' to avoid re-running this script phase.\necho \"SUCCESS\" > \"${SCRIPT_OUTPUT_FILE_0}\"\n";
			showEnvVarsInLog = 0;
		};
		CE9EECC2282A145F00BB1B33 /* SwiftLint */ = {
			isa = PBXShellScriptBuildPhase;
			buildActionMask = 2147483647;
			files = (
			);
			inputFileListPaths = (
			);
			inputPaths = (
			);
			name = SwiftLint;
			outputFileListPaths = (
			);
			outputPaths = (
			);
			runOnlyForDeploymentPostprocessing = 0;
			shellPath = /bin/sh;
			shellScript = "if which swiftlint >/dev/null; then\n  swiftlint\n  swiftlint autocorrect --format\nelse\n  echo \"SwiftLint does not exist, download from https://github.com/realm/SwiftLint\"\nfi\n\n";
		};
		CE9EECC3282A146300BB1B33 /* R.swift */ = {
			isa = PBXShellScriptBuildPhase;
			alwaysOutOfDate = 1;
			buildActionMask = 2147483647;
			files = (
			);
			inputFileListPaths = (
			);
			inputPaths = (
			);
			name = R.swift;
			outputFileListPaths = (
			);
			outputPaths = (
			);
			runOnlyForDeploymentPostprocessing = 0;
			shellPath = /bin/sh;
			shellScript = "\"$PODS_ROOT/R.swift/rswift\" generate \"$SRCROOT/R.generated.swift\"\n\n";
		};
		D4106F71C4DC25E9240C4AE3 /* [CP] Embed Pods Frameworks */ = {
			isa = PBXShellScriptBuildPhase;
			buildActionMask = 2147483647;
			files = (
			);
			inputFileListPaths = (
				"${PODS_ROOT}/Target Support Files/Pods-whatDayIsToday/Pods-whatDayIsToday-frameworks-${CONFIGURATION}-input-files.xcfilelist",
			);
			name = "[CP] Embed Pods Frameworks";
			outputFileListPaths = (
				"${PODS_ROOT}/Target Support Files/Pods-whatDayIsToday/Pods-whatDayIsToday-frameworks-${CONFIGURATION}-output-files.xcfilelist",
			);
			runOnlyForDeploymentPostprocessing = 0;
			shellPath = /bin/sh;
			shellScript = "\"${PODS_ROOT}/Target Support Files/Pods-whatDayIsToday/Pods-whatDayIsToday-frameworks.sh\"\n";
			showEnvVarsInLog = 0;
		};
		F3FF7119A64436E79810B8E2 /* [CP] Embed Pods Frameworks */ = {
			isa = PBXShellScriptBuildPhase;
			buildActionMask = 2147483647;
			files = (
			);
			inputFileListPaths = (
				"${PODS_ROOT}/Target Support Files/Pods-whatDayIsToday-whatDayIsTodayUITests/Pods-whatDayIsToday-whatDayIsTodayUITests-frameworks-${CONFIGURATION}-input-files.xcfilelist",
			);
			name = "[CP] Embed Pods Frameworks";
			outputFileListPaths = (
				"${PODS_ROOT}/Target Support Files/Pods-whatDayIsToday-whatDayIsTodayUITests/Pods-whatDayIsToday-whatDayIsTodayUITests-frameworks-${CONFIGURATION}-output-files.xcfilelist",
			);
			runOnlyForDeploymentPostprocessing = 0;
			shellPath = /bin/sh;
			shellScript = "\"${PODS_ROOT}/Target Support Files/Pods-whatDayIsToday-whatDayIsTodayUITests/Pods-whatDayIsToday-whatDayIsTodayUITests-frameworks.sh\"\n";
			showEnvVarsInLog = 0;
		};
/* End PBXShellScriptBuildPhase section */

/* Begin PBXSourcesBuildPhase section */
		CE1629F0265B5CF1005CCAE2 /* Sources */ = {
			isa = PBXSourcesBuildPhase;
			buildActionMask = 2147483647;
			files = (
				CED30872282CD7B100CAB96F /* ArticlesPresent.swift in Sources */,
				CE1629F8265B5CF1005CCAE2 /* AppDelegate.swift in Sources */,
				CE24AE8B287E82A000C99A05 /* Form.swift in Sources */,
				CEB5EE4C27AA5F320012B3A6 /* APIRequestURLSession.swift in Sources */,
				CE9602D228478AC800183CC5 /* ArticleViewController.swift in Sources */,
				CE1629FA265B5CF1005CCAE2 /* SceneDelegate.swift in Sources */,
				CE2C81372848703B00F11D75 /* TabPageCollectionViewCell.swift in Sources */,
				CE9602D528478B5600183CC5 /* ArticleTableViewCell.swift in Sources */,
				CEDBF4C1265B7350009467C4 /* Model.swift in Sources */,
				CE7E1952283B5E5F00A0F25B /* R.generated.swift in Sources */,
				CE24AE89287E815E00C99A05 /* InformationViewController.swift in Sources */,
				CEDBF4A4265B66DA009467C4 /* Extensions.swift in Sources */,
				CE2C813A2848889100F11D75 /* TabPageCustomView.swift in Sources */,
				CE2C812B284868D600F11D75 /* TabPageViewController.swift in Sources */,
				CEB5EE5227AA6BBA0012B3A6 /* HomeViewController.swift in Sources */,
			);
			runOnlyForDeploymentPostprocessing = 0;
		};
		CE7AE59D28740B75004F05A7 /* Sources */ = {
			isa = PBXSourcesBuildPhase;
			buildActionMask = 2147483647;
			files = (
				CE7AE5A428740B75004F05A7 /* whatDayIsTodayUITests.swift in Sources */,
				CE7AE5A628740B75004F05A7 /* whatDayIsTodayUITestsLaunchTests.swift in Sources */,
			);
			runOnlyForDeploymentPostprocessing = 0;
		};
		CE7AE5AC28740B91004F05A7 /* Sources */ = {
			isa = PBXSourcesBuildPhase;
			buildActionMask = 2147483647;
			files = (
				CE7AE5B328740B91004F05A7 /* whatDayIsTodayTests.swift in Sources */,
			);
			runOnlyForDeploymentPostprocessing = 0;
		};
/* End PBXSourcesBuildPhase section */

/* Begin PBXTargetDependency section */
		CE7AE5A828740B75004F05A7 /* PBXTargetDependency */ = {
			isa = PBXTargetDependency;
			target = CE1629F3265B5CF1005CCAE2 /* whatDayIsToday */;
			targetProxy = CE7AE5A728740B75004F05A7 /* PBXContainerItemProxy */;
		};
		CE7AE5B528740B91004F05A7 /* PBXTargetDependency */ = {
			isa = PBXTargetDependency;
			target = CE1629F3265B5CF1005CCAE2 /* whatDayIsToday */;
			targetProxy = CE7AE5B428740B91004F05A7 /* PBXContainerItemProxy */;
		};
/* End PBXTargetDependency section */

/* Begin PBXVariantGroup section */
		CE162A02265B5CF2005CCAE2 /* LaunchScreen.storyboard */ = {
			isa = PBXVariantGroup;
			children = (
				CE162A03265B5CF2005CCAE2 /* Base */,
			);
			name = LaunchScreen.storyboard;
			sourceTree = "<group>";
		};
/* End PBXVariantGroup section */

/* Begin XCBuildConfiguration section */
		CE162A1C265B5CF3005CCAE2 /* Debug */ = {
			isa = XCBuildConfiguration;
			buildSettings = {
				ALWAYS_SEARCH_USER_PATHS = NO;
				CLANG_ANALYZER_NONNULL = YES;
				CLANG_ANALYZER_NUMBER_OBJECT_CONVERSION = YES_AGGRESSIVE;
				CLANG_CXX_LANGUAGE_STANDARD = "gnu++14";
				CLANG_CXX_LIBRARY = "libc++";
				CLANG_ENABLE_MODULES = YES;
				CLANG_ENABLE_OBJC_ARC = YES;
				CLANG_ENABLE_OBJC_WEAK = YES;
				CLANG_WARN_BLOCK_CAPTURE_AUTORELEASING = YES;
				CLANG_WARN_BOOL_CONVERSION = YES;
				CLANG_WARN_COMMA = YES;
				CLANG_WARN_CONSTANT_CONVERSION = YES;
				CLANG_WARN_DEPRECATED_OBJC_IMPLEMENTATIONS = YES;
				CLANG_WARN_DIRECT_OBJC_ISA_USAGE = YES_ERROR;
				CLANG_WARN_DOCUMENTATION_COMMENTS = YES;
				CLANG_WARN_EMPTY_BODY = YES;
				CLANG_WARN_ENUM_CONVERSION = YES;
				CLANG_WARN_INFINITE_RECURSION = YES;
				CLANG_WARN_INT_CONVERSION = YES;
				CLANG_WARN_NON_LITERAL_NULL_CONVERSION = YES;
				CLANG_WARN_OBJC_IMPLICIT_RETAIN_SELF = YES;
				CLANG_WARN_OBJC_LITERAL_CONVERSION = YES;
				CLANG_WARN_OBJC_ROOT_CLASS = YES_ERROR;
				CLANG_WARN_QUOTED_INCLUDE_IN_FRAMEWORK_HEADER = YES;
				CLANG_WARN_RANGE_LOOP_ANALYSIS = YES;
				CLANG_WARN_STRICT_PROTOTYPES = YES;
				CLANG_WARN_SUSPICIOUS_MOVE = YES;
				CLANG_WARN_UNGUARDED_AVAILABILITY = YES_AGGRESSIVE;
				CLANG_WARN_UNREACHABLE_CODE = YES;
				CLANG_WARN__DUPLICATE_METHOD_MATCH = YES;
				COPY_PHASE_STRIP = NO;
				DEBUG_INFORMATION_FORMAT = dwarf;
				ENABLE_STRICT_OBJC_MSGSEND = YES;
				ENABLE_TESTABILITY = YES;
				GCC_C_LANGUAGE_STANDARD = gnu11;
				GCC_DYNAMIC_NO_PIC = NO;
				GCC_NO_COMMON_BLOCKS = YES;
				GCC_OPTIMIZATION_LEVEL = 0;
				GCC_PREPROCESSOR_DEFINITIONS = (
					"DEBUG=1",
					"$(inherited)",
				);
				GCC_WARN_64_TO_32_BIT_CONVERSION = YES;
				GCC_WARN_ABOUT_RETURN_TYPE = YES_ERROR;
				GCC_WARN_UNDECLARED_SELECTOR = YES;
				GCC_WARN_UNINITIALIZED_AUTOS = YES_AGGRESSIVE;
				GCC_WARN_UNUSED_FUNCTION = YES;
				GCC_WARN_UNUSED_VARIABLE = YES;
				IPHONEOS_DEPLOYMENT_TARGET = 14.4;
				MTL_ENABLE_DEBUG_INFO = INCLUDE_SOURCE;
				MTL_FAST_MATH = YES;
				ONLY_ACTIVE_ARCH = YES;
				SDKROOT = iphoneos;
				SWIFT_ACTIVE_COMPILATION_CONDITIONS = DEBUG;
				SWIFT_OPTIMIZATION_LEVEL = "-Onone";
			};
			name = Debug;
		};
		CE162A1D265B5CF3005CCAE2 /* Release */ = {
			isa = XCBuildConfiguration;
			buildSettings = {
				ALWAYS_SEARCH_USER_PATHS = NO;
				CLANG_ANALYZER_NONNULL = YES;
				CLANG_ANALYZER_NUMBER_OBJECT_CONVERSION = YES_AGGRESSIVE;
				CLANG_CXX_LANGUAGE_STANDARD = "gnu++14";
				CLANG_CXX_LIBRARY = "libc++";
				CLANG_ENABLE_MODULES = YES;
				CLANG_ENABLE_OBJC_ARC = YES;
				CLANG_ENABLE_OBJC_WEAK = YES;
				CLANG_WARN_BLOCK_CAPTURE_AUTORELEASING = YES;
				CLANG_WARN_BOOL_CONVERSION = YES;
				CLANG_WARN_COMMA = YES;
				CLANG_WARN_CONSTANT_CONVERSION = YES;
				CLANG_WARN_DEPRECATED_OBJC_IMPLEMENTATIONS = YES;
				CLANG_WARN_DIRECT_OBJC_ISA_USAGE = YES_ERROR;
				CLANG_WARN_DOCUMENTATION_COMMENTS = YES;
				CLANG_WARN_EMPTY_BODY = YES;
				CLANG_WARN_ENUM_CONVERSION = YES;
				CLANG_WARN_INFINITE_RECURSION = YES;
				CLANG_WARN_INT_CONVERSION = YES;
				CLANG_WARN_NON_LITERAL_NULL_CONVERSION = YES;
				CLANG_WARN_OBJC_IMPLICIT_RETAIN_SELF = YES;
				CLANG_WARN_OBJC_LITERAL_CONVERSION = YES;
				CLANG_WARN_OBJC_ROOT_CLASS = YES_ERROR;
				CLANG_WARN_QUOTED_INCLUDE_IN_FRAMEWORK_HEADER = YES;
				CLANG_WARN_RANGE_LOOP_ANALYSIS = YES;
				CLANG_WARN_STRICT_PROTOTYPES = YES;
				CLANG_WARN_SUSPICIOUS_MOVE = YES;
				CLANG_WARN_UNGUARDED_AVAILABILITY = YES_AGGRESSIVE;
				CLANG_WARN_UNREACHABLE_CODE = YES;
				CLANG_WARN__DUPLICATE_METHOD_MATCH = YES;
				COPY_PHASE_STRIP = NO;
				DEBUG_INFORMATION_FORMAT = "dwarf-with-dsym";
				ENABLE_NS_ASSERTIONS = NO;
				ENABLE_STRICT_OBJC_MSGSEND = YES;
				GCC_C_LANGUAGE_STANDARD = gnu11;
				GCC_NO_COMMON_BLOCKS = YES;
				GCC_WARN_64_TO_32_BIT_CONVERSION = YES;
				GCC_WARN_ABOUT_RETURN_TYPE = YES_ERROR;
				GCC_WARN_UNDECLARED_SELECTOR = YES;
				GCC_WARN_UNINITIALIZED_AUTOS = YES_AGGRESSIVE;
				GCC_WARN_UNUSED_FUNCTION = YES;
				GCC_WARN_UNUSED_VARIABLE = YES;
				IPHONEOS_DEPLOYMENT_TARGET = 14.4;
				MTL_ENABLE_DEBUG_INFO = NO;
				MTL_FAST_MATH = YES;
				SDKROOT = iphoneos;
				SWIFT_COMPILATION_MODE = wholemodule;
				SWIFT_OPTIMIZATION_LEVEL = "-O";
				VALIDATE_PRODUCT = YES;
			};
			name = Release;
		};
		CE162A1F265B5CF3005CCAE2 /* Debug */ = {
			isa = XCBuildConfiguration;
			baseConfigurationReference = EE613CDE822CFD96354B78D1 /* Pods-whatDayIsToday.debug.xcconfig */;
			buildSettings = {
				ASSETCATALOG_COMPILER_APPICON_NAME = AppIcon;
				ASSETCATALOG_COMPILER_GLOBAL_ACCENT_COLOR_NAME = AccentColor;
				CODE_SIGN_STYLE = Automatic;
				DEVELOPMENT_TEAM = 98N8TAVGKD;
				INFOPLIST_FILE = "$(SRCROOT)/whatDayIsToday/Info.plist";
				LD_RUNPATH_SEARCH_PATHS = (
					"$(inherited)",
					"@executable_path/Frameworks",
				);
				PRODUCT_BUNDLE_IDENTIFIER = com.otuq.whatDayIsToday;
				PRODUCT_NAME = "$(TARGET_NAME)";
				SWIFT_VERSION = 5.0;
				TARGETED_DEVICE_FAMILY = "1,2";
			};
			name = Debug;
		};
		CE162A20265B5CF3005CCAE2 /* Release */ = {
			isa = XCBuildConfiguration;
			baseConfigurationReference = 1ABB9A20E4A2B8AF7E0ED73A /* Pods-whatDayIsToday.release.xcconfig */;
			buildSettings = {
				ASSETCATALOG_COMPILER_APPICON_NAME = AppIcon;
				ASSETCATALOG_COMPILER_GLOBAL_ACCENT_COLOR_NAME = AccentColor;
				CODE_SIGN_STYLE = Automatic;
				DEVELOPMENT_TEAM = 98N8TAVGKD;
				INFOPLIST_FILE = "$(SRCROOT)/whatDayIsToday/Info.plist";
				LD_RUNPATH_SEARCH_PATHS = (
					"$(inherited)",
					"@executable_path/Frameworks",
				);
				PRODUCT_BUNDLE_IDENTIFIER = com.otuq.whatDayIsToday;
				PRODUCT_NAME = "$(TARGET_NAME)";
				SWIFT_VERSION = 5.0;
				TARGETED_DEVICE_FAMILY = "1,2";
			};
			name = Release;
		};
		CE7AE5AA28740B75004F05A7 /* Debug */ = {
			isa = XCBuildConfiguration;
			baseConfigurationReference = 326C2C500A0AAF030BDC470D /* Pods-whatDayIsToday-whatDayIsTodayUITests.debug.xcconfig */;
			buildSettings = {
				CLANG_CXX_LANGUAGE_STANDARD = "gnu++17";
				CODE_SIGN_STYLE = Automatic;
				CURRENT_PROJECT_VERSION = 1;
				DEVELOPMENT_TEAM = 98N8TAVGKD;
				GENERATE_INFOPLIST_FILE = YES;
				IPHONEOS_DEPLOYMENT_TARGET = 15.5;
				MARKETING_VERSION = 1.0;
				PRODUCT_BUNDLE_IDENTIFIER = com.otuq.whatDayIsTodayUITests;
				PRODUCT_NAME = "$(TARGET_NAME)";
				SWIFT_EMIT_LOC_STRINGS = NO;
				SWIFT_VERSION = 5.0;
				TARGETED_DEVICE_FAMILY = "1,2";
				TEST_TARGET_NAME = whatDayIsToday;
			};
			name = Debug;
		};
		CE7AE5AB28740B75004F05A7 /* Release */ = {
			isa = XCBuildConfiguration;
			baseConfigurationReference = C380937D3770BC7D7321E475 /* Pods-whatDayIsToday-whatDayIsTodayUITests.release.xcconfig */;
			buildSettings = {
				CLANG_CXX_LANGUAGE_STANDARD = "gnu++17";
				CODE_SIGN_STYLE = Automatic;
				CURRENT_PROJECT_VERSION = 1;
				DEVELOPMENT_TEAM = 98N8TAVGKD;
				GENERATE_INFOPLIST_FILE = YES;
				IPHONEOS_DEPLOYMENT_TARGET = 15.5;
				MARKETING_VERSION = 1.0;
				PRODUCT_BUNDLE_IDENTIFIER = com.otuq.whatDayIsTodayUITests;
				PRODUCT_NAME = "$(TARGET_NAME)";
				SWIFT_EMIT_LOC_STRINGS = NO;
				SWIFT_VERSION = 5.0;
				TARGETED_DEVICE_FAMILY = "1,2";
				TEST_TARGET_NAME = whatDayIsToday;
			};
			name = Release;
		};
		CE7AE5B728740B91004F05A7 /* Debug */ = {
			isa = XCBuildConfiguration;
			baseConfigurationReference = 81BDC9FE3F6E8D064789D3E2 /* Pods-whatDayIsTodayTests.debug.xcconfig */;
			buildSettings = {
				BUNDLE_LOADER = "$(TEST_HOST)";
				CLANG_CXX_LANGUAGE_STANDARD = "gnu++17";
				CODE_SIGN_STYLE = Automatic;
				CURRENT_PROJECT_VERSION = 1;
				DEVELOPMENT_TEAM = 98N8TAVGKD;
				GENERATE_INFOPLIST_FILE = YES;
				IPHONEOS_DEPLOYMENT_TARGET = 15.5;
				MARKETING_VERSION = 1.0;
				PRODUCT_BUNDLE_IDENTIFIER = com.otuq.whatDayIsTodayTests;
				PRODUCT_NAME = "$(TARGET_NAME)";
				SWIFT_EMIT_LOC_STRINGS = NO;
				SWIFT_VERSION = 5.0;
				TARGETED_DEVICE_FAMILY = "1,2";
				TEST_HOST = "$(BUILT_PRODUCTS_DIR)/whatDayIsToday.app/whatDayIsToday";
			};
			name = Debug;
		};
		CE7AE5B828740B91004F05A7 /* Release */ = {
			isa = XCBuildConfiguration;
			baseConfigurationReference = ED0D0E950CC03A874CD25380 /* Pods-whatDayIsTodayTests.release.xcconfig */;
			buildSettings = {
				BUNDLE_LOADER = "$(TEST_HOST)";
				CLANG_CXX_LANGUAGE_STANDARD = "gnu++17";
				CODE_SIGN_STYLE = Automatic;
				CURRENT_PROJECT_VERSION = 1;
				DEVELOPMENT_TEAM = 98N8TAVGKD;
				GENERATE_INFOPLIST_FILE = YES;
				IPHONEOS_DEPLOYMENT_TARGET = 15.5;
				MARKETING_VERSION = 1.0;
				PRODUCT_BUNDLE_IDENTIFIER = com.otuq.whatDayIsTodayTests;
				PRODUCT_NAME = "$(TARGET_NAME)";
				SWIFT_EMIT_LOC_STRINGS = NO;
				SWIFT_VERSION = 5.0;
				TARGETED_DEVICE_FAMILY = "1,2";
				TEST_HOST = "$(BUILT_PRODUCTS_DIR)/whatDayIsToday.app/whatDayIsToday";
			};
			name = Release;
		};
/* End XCBuildConfiguration section */

/* Begin XCConfigurationList section */
		CE1629EF265B5CF1005CCAE2 /* Build configuration list for PBXProject "whatDayIsToday" */ = {
			isa = XCConfigurationList;
			buildConfigurations = (
				CE162A1C265B5CF3005CCAE2 /* Debug */,
				CE162A1D265B5CF3005CCAE2 /* Release */,
			);
			defaultConfigurationIsVisible = 0;
			defaultConfigurationName = Release;
		};
		CE162A1E265B5CF3005CCAE2 /* Build configuration list for PBXNativeTarget "whatDayIsToday" */ = {
			isa = XCConfigurationList;
			buildConfigurations = (
				CE162A1F265B5CF3005CCAE2 /* Debug */,
				CE162A20265B5CF3005CCAE2 /* Release */,
			);
			defaultConfigurationIsVisible = 0;
			defaultConfigurationName = Release;
		};
		CE7AE5A928740B75004F05A7 /* Build configuration list for PBXNativeTarget "whatDayIsTodayUITests" */ = {
			isa = XCConfigurationList;
			buildConfigurations = (
				CE7AE5AA28740B75004F05A7 /* Debug */,
				CE7AE5AB28740B75004F05A7 /* Release */,
			);
			defaultConfigurationIsVisible = 0;
			defaultConfigurationName = Release;
		};
		CE7AE5B628740B91004F05A7 /* Build configuration list for PBXNativeTarget "whatDayIsTodayTests" */ = {
			isa = XCConfigurationList;
			buildConfigurations = (
				CE7AE5B728740B91004F05A7 /* Debug */,
				CE7AE5B828740B91004F05A7 /* Release */,
			);
			defaultConfigurationIsVisible = 0;
			defaultConfigurationName = Release;
		};
/* End XCConfigurationList section */
	};
	rootObject = CE1629EC265B5CF1005CCAE2 /* Project object */;
}
